
Microsoft Visual Studio Solution File, Format Version 10.00
# Visual Studio 2008
Project("{FAE04EC0-301F-11D3-BF4B-00C04F79EFBC}") = "dotnet", "dotnet.csproj", "{12D43696-C6CA-4B65-9339-828D481BEF52}"
EndProject
Project("{FAE04EC0-301F-11D3-BF4B-00C04F79EFBC}") = "LCDWrite", "examples\LCDWrite\LCDWrite.csproj", "{9BF24F86-B43E-4F61-8A3D-D093DEB97DC7}"
EndProject
Global
	GlobalSection(SolutionConfigurationPlatforms) = preSolution
		Debug|Any CPU = Debug|Any CPU
		Release|Any CPU = Release|Any CPU
	EndGlobalSection
	GlobalSection(ProjectConfigurationPlatforms) = postSolution
		{12D43696-C6CA-4B65-9339-828D481BEF52}.Debug|Any CPU.ActiveCfg = Debug|Any CPU
		{12D43696-C6CA-4B65-9339-828D481BEF52}.Debug|Any CPU.Build.0 = Debug|Any CPU
		{12D43696-C6CA-4B65-9339-828D481BEF52}.Release|Any CPU.ActiveCfg = Release|Any CPU
		{12D43696-C6CA-4B65-9339-828D481BEF52}.Release|Any CPU.Build.0 = Release|Any CPU
		{9BF24F86-B43E-4F61-8A3D-D093DEB97DC7}.Debug|Any CPU.ActiveCfg = Debug|Any CPU
		{9BF24F86-B43E-4F61-8A3D-D093DEB97DC7}.Debug|Any CPU.Build.0 = Debug|Any CPU
		{9BF24F86-B43E-4F61-8A3D-D093DEB97DC7}.Release|Any CPU.ActiveCfg = Release|Any CPU
		{9BF24F86-B43E-4F61-8A3D-D093DEB97DC7}.Release|Any CPU.Build.0 = Release|Any CPU
	EndGlobalSection
	GlobalSection(SolutionProperties) = preSolution
		HideSolutionNode = FALSE
	EndGlobalSection
EndGlobal
